
Microsoft Visual Studio Solution File, Format Version 12.00
# Visual Studio Version 16
VisualStudioVersion = 16.0.32413.511
MinimumVisualStudioVersion = 10.0.40219.1
Project("{FAE04EC0-301F-11D3-BF4B-00C04F79EFBC}") = "LibraryManagement", "LibraryManagement\LibraryManagement.csproj", "{AA9692FC-C810-437C-B1CB-0534008F0567}"
EndProject
Global
	GlobalSection(SolutionConfigurationPlatforms) = preSolution
		Debug|Any CPU = Debug|Any CPU
		Release|Any CPU = Release|Any CPU
	EndGlobalSection
	GlobalSection(ProjectConfigurationPlatforms) = postSolution
		{AA9692FC-C810-437C-B1CB-0534008F0567}.Debug|Any CPU.ActiveCfg = Debug|Any CPU
		{AA9692FC-C810-437C-B1CB-0534008F0567}.Debug|Any CPU.Build.0 = Debug|Any CPU
		{AA9692FC-C810-437C-B1CB-0534008F0567}.Release|Any CPU.ActiveCfg = Release|Any CPU
		{AA9692FC-C810-437C-B1CB-0534008F0567}.Release|Any CPU.Build.0 = Release|Any CPU
	EndGlobalSection
	GlobalSection(SolutionProperties) = preSolution
		HideSolutionNode = FALSE
	EndGlobalSection
	GlobalSection(ExtensibilityGlobals) = postSolution
		SolutionGuid = {248BA3A2-6F71-4620-9324-4ECA5F14C886}
	EndGlobalSection
EndGlobal
